
Microsoft Visual Studio Solution File, Format Version 12.00
# Visual Studio Version 16
VisualStudioVersion = 16.0.31702.278
MinimumVisualStudioVersion = 10.0.40219.1
Project("{FAE04EC0-301F-11D3-BF4B-00C04F79EFBC}") = "eTicket", "eTicket\eTicket.csproj", "{B02E4FF4-2A6C-4987-8371-D2ED575974DB}"
EndProject
Global
	GlobalSection(SolutionConfigurationPlatforms) = preSolution
		Debug|Any CPU = Debug|Any CPU
		Release|Any CPU = Release|Any CPU
	EndGlobalSection
	GlobalSection(ProjectConfigurationPlatforms) = postSolution
		{B02E4FF4-2A6C-4987-8371-D2ED575974DB}.Debug|Any CPU.ActiveCfg = Debug|Any CPU
		{B02E4FF4-2A6C-4987-8371-D2ED575974DB}.Debug|Any CPU.Build.0 = Debug|Any CPU
		{B02E4FF4-2A6C-4987-8371-D2ED575974DB}.Release|Any CPU.ActiveCfg = Release|Any CPU
		{B02E4FF4-2A6C-4987-8371-D2ED575974DB}.Release|Any CPU.Build.0 = Release|Any CPU
	EndGlobalSection
	GlobalSection(SolutionProperties) = preSolution
		HideSolutionNode = FALSE
	EndGlobalSection
	GlobalSection(ExtensibilityGlobals) = postSolution
		SolutionGuid = {2D007A11-5F1A-4E71-8E15-C9EF18471EDF}
	EndGlobalSection
EndGlobal
